
Microsoft Visual Studio Solution File, Format Version 12.00
# Visual Studio Version 17
VisualStudioVersion = 17.0.31903.59
MinimumVisualStudioVersion = 10.0.40219.1
Project("{9A19103F-16F7-4668-BE54-9A1E7A4F7556}") = "PassportsAPI", "passports\PassportsAPI.csproj", "{4F78AD63-C72E-4689-ABD0-DF9B8E868255}"
EndProject
Project("{FAE04EC0-301F-11D3-BF4B-00C04F79EFBC}") = "PassportsAPITests", "PassportsAPITests\PassportsAPITests.csproj", "{26C058DD-FE01-40D1-89D3-1DA84048C704}"
EndProject
Global
	GlobalSection(SolutionConfigurationPlatforms) = preSolution
		Debug|Any CPU = Debug|Any CPU
		Release|Any CPU = Release|Any CPU
	EndGlobalSection
	GlobalSection(ProjectConfigurationPlatforms) = postSolution
		{4F78AD63-C72E-4689-ABD0-DF9B8E868255}.Debug|Any CPU.ActiveCfg = Debug|Any CPU
		{4F78AD63-C72E-4689-ABD0-DF9B8E868255}.Debug|Any CPU.Build.0 = Debug|Any CPU
		{4F78AD63-C72E-4689-ABD0-DF9B8E868255}.Release|Any CPU.ActiveCfg = Release|Any CPU
		{4F78AD63-C72E-4689-ABD0-DF9B8E868255}.Release|Any CPU.Build.0 = Release|Any CPU
		{26C058DD-FE01-40D1-89D3-1DA84048C704}.Debug|Any CPU.ActiveCfg = Debug|Any CPU
		{26C058DD-FE01-40D1-89D3-1DA84048C704}.Debug|Any CPU.Build.0 = Debug|Any CPU
		{26C058DD-FE01-40D1-89D3-1DA84048C704}.Release|Any CPU.ActiveCfg = Release|Any CPU
		{26C058DD-FE01-40D1-89D3-1DA84048C704}.Release|Any CPU.Build.0 = Release|Any CPU
	EndGlobalSection
	GlobalSection(SolutionProperties) = preSolution
		HideSolutionNode = FALSE
	EndGlobalSection
	GlobalSection(ExtensibilityGlobals) = postSolution
		SolutionGuid = {DEF30DFF-6054-4FE2-B152-AA4EEBDB64D0}
	EndGlobalSection
EndGlobal
